// !$*UTF8*$!
{
	archiveVersion = 1;
	classes = {
	};
	objectVersion = 56;
	objects = {

/* Begin PBXBuildFile section */
		D20A73752A740EB2002D83B7 /* MultipleDropdownListRow.swift in Sources */ = {isa = PBXBuildFile; fileRef = D20A73742A740EB2002D83B7 /* MultipleDropdownListRow.swift */; };
		D20A73772A74175F002D83B7 /* SearchPanelView.swift in Sources */ = {isa = PBXBuildFile; fileRef = D20A73762A74175F002D83B7 /* SearchPanelView.swift */; };
		D246A2A92A73EAEF0021367E /* NewsExplorerTeamvoyApp.swift in Sources */ = {isa = PBXBuildFile; fileRef = D246A2A82A73EAEF0021367E /* NewsExplorerTeamvoyApp.swift */; };
		D246A2AB2A73EAEF0021367E /* ContentView.swift in Sources */ = {isa = PBXBuildFile; fileRef = D246A2AA2A73EAEF0021367E /* ContentView.swift */; };
		D246A2AD2A73EAF00021367E /* Assets.xcassets in Resources */ = {isa = PBXBuildFile; fileRef = D246A2AC2A73EAF00021367E /* Assets.xcassets */; };
		D246A2B02A73EAF00021367E /* Preview Assets.xcassets in Resources */ = {isa = PBXBuildFile; fileRef = D246A2AF2A73EAF00021367E /* Preview Assets.xcassets */; };
		D246A2B72A73ED1C0021367E /* NewsRowView.swift in Sources */ = {isa = PBXBuildFile; fileRef = D246A2B62A73ED1C0021367E /* NewsRowView.swift */; };
		D246A2B92A73ED700021367E /* SerachBarView.swift in Sources */ = {isa = PBXBuildFile; fileRef = D246A2B82A73ED700021367E /* SerachBarView.swift */; };
		D246A2BB2A73ED8B0021367E /* ImageTextFieldView.swift in Sources */ = {isa = PBXBuildFile; fileRef = D246A2BA2A73ED8B0021367E /* ImageTextFieldView.swift */; };
		D246A2BD2A73F0C80021367E /* MainNewsView.swift in Sources */ = {isa = PBXBuildFile; fileRef = D246A2BC2A73F0C80021367E /* MainNewsView.swift */; };
		D246A2BF2A73F1310021367E /* DetailedNewsView.swift in Sources */ = {isa = PBXBuildFile; fileRef = D246A2BE2A73F1310021367E /* DetailedNewsView.swift */; };
		D246A2C52A73F3460021367E /* News.swift in Sources */ = {isa = PBXBuildFile; fileRef = D246A2C42A73F3460021367E /* News.swift */; };
		D246A2C72A73F3670021367E /* NewsArticle.swift in Sources */ = {isa = PBXBuildFile; fileRef = D246A2C62A73F3670021367E /* NewsArticle.swift */; };
		D246A2C92A73F5120021367E /* NewsAPIService.swift in Sources */ = {isa = PBXBuildFile; fileRef = D246A2C82A73F5120021367E /* NewsAPIService.swift */; };
		D246A2CD2A73F5F00021367E /* NewsViewModel.swift in Sources */ = {isa = PBXBuildFile; fileRef = D246A2CC2A73F5F00021367E /* NewsViewModel.swift */; };
		D246A2CF2A73FCDF0021367E /* SortingOption.swift in Sources */ = {isa = PBXBuildFile; fileRef = D246A2CE2A73FCDF0021367E /* SortingOption.swift */; };
		D246A2D12A73FCFE0021367E /* SearchParameters.swift in Sources */ = {isa = PBXBuildFile; fileRef = D246A2D02A73FCFE0021367E /* SearchParameters.swift */; };
		D246A2D32A73FFCA0021367E /* SearchInOption.swift in Sources */ = {isa = PBXBuildFile; fileRef = D246A2D22A73FFCA0021367E /* SearchInOption.swift */; };
		D2D27A702A76B84F00EBD016 /* Extensions.swift in Sources */ = {isa = PBXBuildFile; fileRef = D2D27A6F2A76B84F00EBD016 /* Extensions.swift */; };
		D2F0FE292A74340600442D11 /* WebView.swift in Sources */ = {isa = PBXBuildFile; fileRef = D2F0FE282A74340600442D11 /* WebView.swift */; };
		D2F0FE2D2A7437D500442D11 /* DetailedTextInfoView.swift in Sources */ = {isa = PBXBuildFile; fileRef = D2F0FE2C2A7437D500442D11 /* DetailedTextInfoView.swift */; };
		D2F0FE322A75061E00442D11 /* LanguageOption.swift in Sources */ = {isa = PBXBuildFile; fileRef = D2F0FE312A75061E00442D11 /* LanguageOption.swift */; };
		D2F0FE352A750F7700442D11 /* ForEachSearchingOptionView.swift in Sources */ = {isa = PBXBuildFile; fileRef = D2F0FE342A750F7700442D11 /* ForEachSearchingOptionView.swift */; };
		D2F0FE3B2A75A55A00442D11 /* MultipleDropdownListView.swift in Sources */ = {isa = PBXBuildFile; fileRef = D2F0FE3A2A75A55A00442D11 /* MultipleDropdownListView.swift */; };
		D2F0FE3D2A75AAED00442D11 /* SingleDropdownListView.swift in Sources */ = {isa = PBXBuildFile; fileRef = D2F0FE3C2A75AAED00442D11 /* SingleDropdownListView.swift */; };
		D2F0FE412A767B5A00442D11 /* SearchDatePicker.swift in Sources */ = {isa = PBXBuildFile; fileRef = D2F0FE402A767B5A00442D11 /* SearchDatePicker.swift */; };
		D2F0FE432A767BD600442D11 /* Constants.swift in Sources */ = {isa = PBXBuildFile; fileRef = D2F0FE422A767BD500442D11 /* Constants.swift */; };
		D2F0FE452A7683C100442D11 /* SearchBarButtonView.swift in Sources */ = {isa = PBXBuildFile; fileRef = D2F0FE442A7683C100442D11 /* SearchBarButtonView.swift */; };
		D2F0FE472A768C2400442D11 /* SpinningCircle.swift in Sources */ = {isa = PBXBuildFile; fileRef = D2F0FE462A768C2400442D11 /* SpinningCircle.swift */; };
/* End PBXBuildFile section */

/* Begin PBXFileReference section */
		D20A73742A740EB2002D83B7 /* MultipleDropdownListRow.swift */ = {isa = PBXFileReference; lastKnownFileType = sourcecode.swift; path = MultipleDropdownListRow.swift; sourceTree = "<group>"; };
		D20A73762A74175F002D83B7 /* SearchPanelView.swift */ = {isa = PBXFileReference; lastKnownFileType = sourcecode.swift; path = SearchPanelView.swift; sourceTree = "<group>"; };
		D246A2A52A73EAEF0021367E /* NewsExplorerTeamvoy.app */ = {isa = PBXFileReference; explicitFileType = wrapper.application; includeInIndex = 0; path = NewsExplorerTeamvoy.app; sourceTree = BUILT_PRODUCTS_DIR; };
		D246A2A82A73EAEF0021367E /* NewsExplorerTeamvoyApp.swift */ = {isa = PBXFileReference; lastKnownFileType = sourcecode.swift; path = NewsExplorerTeamvoyApp.swift; sourceTree = "<group>"; };
		D246A2AA2A73EAEF0021367E /* ContentView.swift */ = {isa = PBXFileReference; lastKnownFileType = sourcecode.swift; path = ContentView.swift; sourceTree = "<group>"; };
		D246A2AC2A73EAF00021367E /* Assets.xcassets */ = {isa = PBXFileReference; lastKnownFileType = folder.assetcatalog; path = Assets.xcassets; sourceTree = "<group>"; };
		D246A2AF2A73EAF00021367E /* Preview Assets.xcassets */ = {isa = PBXFileReference; lastKnownFileType = folder.assetcatalog; path = "Preview Assets.xcassets"; sourceTree = "<group>"; };
		D246A2B62A73ED1C0021367E /* NewsRowView.swift */ = {isa = PBXFileReference; lastKnownFileType = sourcecode.swift; path = NewsRowView.swift; sourceTree = "<group>"; };
		D246A2B82A73ED700021367E /* SerachBarView.swift */ = {isa = PBXFileReference; lastKnownFileType = sourcecode.swift; path = SerachBarView.swift; sourceTree = "<group>"; };
		D246A2BA2A73ED8B0021367E /* ImageTextFieldView.swift */ = {isa = PBXFileReference; lastKnownFileType = sourcecode.swift; path = ImageTextFieldView.swift; sourceTree = "<group>"; };
		D246A2BC2A73F0C80021367E /* MainNewsView.swift */ = {isa = PBXFileReference; lastKnownFileType = sourcecode.swift; path = MainNewsView.swift; sourceTree = "<group>"; };
		D246A2BE2A73F1310021367E /* DetailedNewsView.swift */ = {isa = PBXFileReference; lastKnownFileType = sourcecode.swift; path = DetailedNewsView.swift; sourceTree = "<group>"; };
		D246A2C42A73F3460021367E /* News.swift */ = {isa = PBXFileReference; lastKnownFileType = sourcecode.swift; path = News.swift; sourceTree = "<group>"; };
		D246A2C62A73F3670021367E /* NewsArticle.swift */ = {isa = PBXFileReference; lastKnownFileType = sourcecode.swift; path = NewsArticle.swift; sourceTree = "<group>"; };
		D246A2C82A73F5120021367E /* NewsAPIService.swift */ = {isa = PBXFileReference; lastKnownFileType = sourcecode.swift; path = NewsAPIService.swift; sourceTree = "<group>"; };
		D246A2CC2A73F5F00021367E /* NewsViewModel.swift */ = {isa = PBXFileReference; lastKnownFileType = sourcecode.swift; path = NewsViewModel.swift; sourceTree = "<group>"; };
		D246A2CE2A73FCDF0021367E /* SortingOption.swift */ = {isa = PBXFileReference; lastKnownFileType = sourcecode.swift; path = SortingOption.swift; sourceTree = "<group>"; };
		D246A2D02A73FCFE0021367E /* SearchParameters.swift */ = {isa = PBXFileReference; lastKnownFileType = sourcecode.swift; path = SearchParameters.swift; sourceTree = "<group>"; };
		D246A2D22A73FFCA0021367E /* SearchInOption.swift */ = {isa = PBXFileReference; lastKnownFileType = sourcecode.swift; path = SearchInOption.swift; sourceTree = "<group>"; };
		D2D27A6F2A76B84F00EBD016 /* Extensions.swift */ = {isa = PBXFileReference; lastKnownFileType = sourcecode.swift; path = Extensions.swift; sourceTree = "<group>"; };
		D2F0FE282A74340600442D11 /* WebView.swift */ = {isa = PBXFileReference; lastKnownFileType = sourcecode.swift; path = WebView.swift; sourceTree = "<group>"; };
		D2F0FE2C2A7437D500442D11 /* DetailedTextInfoView.swift */ = {isa = PBXFileReference; lastKnownFileType = sourcecode.swift; path = DetailedTextInfoView.swift; sourceTree = "<group>"; };
		D2F0FE312A75061E00442D11 /* LanguageOption.swift */ = {isa = PBXFileReference; lastKnownFileType = sourcecode.swift; path = LanguageOption.swift; sourceTree = "<group>"; };
		D2F0FE342A750F7700442D11 /* ForEachSearchingOptionView.swift */ = {isa = PBXFileReference; lastKnownFileType = sourcecode.swift; path = ForEachSearchingOptionView.swift; sourceTree = "<group>"; };
		D2F0FE3A2A75A55A00442D11 /* MultipleDropdownListView.swift */ = {isa = PBXFileReference; lastKnownFileType = sourcecode.swift; path = MultipleDropdownListView.swift; sourceTree = "<group>"; };
		D2F0FE3C2A75AAED00442D11 /* SingleDropdownListView.swift */ = {isa = PBXFileReference; lastKnownFileType = sourcecode.swift; path = SingleDropdownListView.swift; sourceTree = "<group>"; };
		D2F0FE402A767B5A00442D11 /* SearchDatePicker.swift */ = {isa = PBXFileReference; lastKnownFileType = sourcecode.swift; path = SearchDatePicker.swift; sourceTree = "<group>"; };
		D2F0FE422A767BD500442D11 /* Constants.swift */ = {isa = PBXFileReference; lastKnownFileType = sourcecode.swift; path = Constants.swift; sourceTree = "<group>"; };
		D2F0FE442A7683C100442D11 /* SearchBarButtonView.swift */ = {isa = PBXFileReference; lastKnownFileType = sourcecode.swift; path = SearchBarButtonView.swift; sourceTree = "<group>"; };
		D2F0FE462A768C2400442D11 /* SpinningCircle.swift */ = {isa = PBXFileReference; lastKnownFileType = sourcecode.swift; path = SpinningCircle.swift; sourceTree = "<group>"; };
/* End PBXFileReference section */

/* Begin PBXFrameworksBuildPhase section */
		D246A2A22A73EAEF0021367E /* Frameworks */ = {
			isa = PBXFrameworksBuildPhase;
			buildActionMask = 2147483647;
			files = (
			);
			runOnlyForDeploymentPostprocessing = 0;
		};
/* End PBXFrameworksBuildPhase section */

/* Begin PBXGroup section */
		D20A73782A741FF1002D83B7 /* SearchView */ = {
			isa = PBXGroup;
			children = (
				D20A73762A74175F002D83B7 /* SearchPanelView.swift */,
				D20A73742A740EB2002D83B7 /* MultipleDropdownListRow.swift */,
				D2F0FE3A2A75A55A00442D11 /* MultipleDropdownListView.swift */,
				D2F0FE3C2A75AAED00442D11 /* SingleDropdownListView.swift */,
				D2F0FE402A767B5A00442D11 /* SearchDatePicker.swift */,
				D2F0FE442A7683C100442D11 /* SearchBarButtonView.swift */,
			);
			path = SearchView;
			sourceTree = "<group>";
		};
		D20A73792A74200D002D83B7 /* Components */ = {
			isa = PBXGroup;
			children = (
				D246A2B82A73ED700021367E /* SerachBarView.swift */,
				D246A2BA2A73ED8B0021367E /* ImageTextFieldView.swift */,
				D2F0FE342A750F7700442D11 /* ForEachSearchingOptionView.swift */,
				D2F0FE462A768C2400442D11 /* SpinningCircle.swift */,
			);
			path = Components;
			sourceTree = "<group>";
		};
		D246A29C2A73EAEF0021367E = {
			isa = PBXGroup;
			children = (
				D246A2A72A73EAEF0021367E /* NewsExplorerTeamvoy */,
				D246A2A62A73EAEF0021367E /* Products */,
			);
			sourceTree = "<group>";
		};
		D246A2A62A73EAEF0021367E /* Products */ = {
			isa = PBXGroup;
			children = (
				D246A2A52A73EAEF0021367E /* NewsExplorerTeamvoy.app */,
			);
			name = Products;
			sourceTree = "<group>";
		};
		D246A2A72A73EAEF0021367E /* NewsExplorerTeamvoy */ = {
			isa = PBXGroup;
			children = (
				D246A2A82A73EAEF0021367E /* NewsExplorerTeamvoyApp.swift */,
				D246A2AC2A73EAF00021367E /* Assets.xcassets */,
				D246A2AE2A73EAF00021367E /* Preview Content */,
				D246A2CA2A73F5CB0021367E /* Model */,
				D246A2C02A73F1A60021367E /* View */,
				D2F0FE302A75058100442D11 /* ViewModel */,
				D246A2CB2A73F5D70021367E /* API */,
				D2D27A6E2A76B83B00EBD016 /* Utils */,
			);
			path = NewsExplorerTeamvoy;
			sourceTree = "<group>";
		};
		D246A2AE2A73EAF00021367E /* Preview Content */ = {
			isa = PBXGroup;
			children = (
				D246A2AF2A73EAF00021367E /* Preview Assets.xcassets */,
			);
			path = "Preview Content";
			sourceTree = "<group>";
		};
		D246A2C02A73F1A60021367E /* View */ = {
			isa = PBXGroup;
			children = (
				D246A2AA2A73EAEF0021367E /* ContentView.swift */,
				D20A73792A74200D002D83B7 /* Components */,
				D20A73782A741FF1002D83B7 /* SearchView */,
				D2F0FE2F2A744BA400442D11 /* NewsView */,
				D2F0FE2E2A74381300442D11 /* DetailedView */,
			);
			path = View;
			sourceTree = "<group>";
		};
		D246A2CA2A73F5CB0021367E /* Model */ = {
			isa = PBXGroup;
			children = (
				D246A2C42A73F3460021367E /* News.swift */,
				D246A2C62A73F3670021367E /* NewsArticle.swift */,
				D246A2D02A73FCFE0021367E /* SearchParameters.swift */,
				D2F0FE332A75071E00442D11 /* SerachingOptions */,
			);
			path = Model;
			sourceTree = "<group>";
		};
		D246A2CB2A73F5D70021367E /* API */ = {
			isa = PBXGroup;
			children = (
				D246A2C82A73F5120021367E /* NewsAPIService.swift */,
			);
			path = API;
			sourceTree = "<group>";
		};
		D2D27A6E2A76B83B00EBD016 /* Utils */ = {
			isa = PBXGroup;
			children = (
				D2F0FE422A767BD500442D11 /* Constants.swift */,
				D2D27A6F2A76B84F00EBD016 /* Extensions.swift */,
			);
			path = Utils;
			sourceTree = "<group>";
		};
		D2F0FE2E2A74381300442D11 /* DetailedView */ = {
			isa = PBXGroup;
			children = (
				D246A2BE2A73F1310021367E /* DetailedNewsView.swift */,
				D2F0FE282A74340600442D11 /* WebView.swift */,
				D2F0FE2C2A7437D500442D11 /* DetailedTextInfoView.swift */,
			);
			path = DetailedView;
			sourceTree = "<group>";
		};
		D2F0FE2F2A744BA400442D11 /* NewsView */ = {
			isa = PBXGroup;
			children = (
				D246A2BC2A73F0C80021367E /* MainNewsView.swift */,
				D246A2B62A73ED1C0021367E /* NewsRowView.swift */,
			);
			path = NewsView;
			sourceTree = "<group>";
		};
		D2F0FE302A75058100442D11 /* ViewModel */ = {
			isa = PBXGroup;
			children = (
				D246A2CC2A73F5F00021367E /* NewsViewModel.swift */,
			);
			path = ViewModel;
			sourceTree = "<group>";
		};
		D2F0FE332A75071E00442D11 /* SerachingOptions */ = {
			isa = PBXGroup;
			children = (
				D246A2CE2A73FCDF0021367E /* SortingOption.swift */,
				D246A2D22A73FFCA0021367E /* SearchInOption.swift */,
				D2F0FE312A75061E00442D11 /* LanguageOption.swift */,
			);
			path = SerachingOptions;
			sourceTree = "<group>";
		};
/* End PBXGroup section */

/* Begin PBXNativeTarget section */
		D246A2A42A73EAEF0021367E /* NewsExplorerTeamvoy */ = {
			isa = PBXNativeTarget;
			buildConfigurationList = D246A2B32A73EAF00021367E /* Build configuration list for PBXNativeTarget "NewsExplorerTeamvoy" */;
			buildPhases = (
				D246A2A12A73EAEF0021367E /* Sources */,
				D246A2A22A73EAEF0021367E /* Frameworks */,
				D246A2A32A73EAEF0021367E /* Resources */,
			);
			buildRules = (
			);
			dependencies = (
			);
			name = NewsExplorerTeamvoy;
			productName = NewsExplorerTeamvoy;
			productReference = D246A2A52A73EAEF0021367E /* NewsExplorerTeamvoy.app */;
			productType = "com.apple.product-type.application";
		};
/* End PBXNativeTarget section */

/* Begin PBXProject section */
		D246A29D2A73EAEF0021367E /* Project object */ = {
			isa = PBXProject;
			attributes = {
				BuildIndependentTargetsInParallel = 1;
				LastSwiftUpdateCheck = 1430;
				LastUpgradeCheck = 1430;
				TargetAttributes = {
					D246A2A42A73EAEF0021367E = {
						CreatedOnToolsVersion = 14.3.1;
					};
				};
			};
			buildConfigurationList = D246A2A02A73EAEF0021367E /* Build configuration list for PBXProject "NewsExplorerTeamvoy" */;
			compatibilityVersion = "Xcode 14.0";
			developmentRegion = en;
			hasScannedForEncodings = 0;
			knownRegions = (
				en,
				Base,
			);
			mainGroup = D246A29C2A73EAEF0021367E;
			productRefGroup = D246A2A62A73EAEF0021367E /* Products */;
			projectDirPath = "";
			projectRoot = "";
			targets = (
				D246A2A42A73EAEF0021367E /* NewsExplorerTeamvoy */,
			);
		};
/* End PBXProject section */

/* Begin PBXResourcesBuildPhase section */
		D246A2A32A73EAEF0021367E /* Resources */ = {
			isa = PBXResourcesBuildPhase;
			buildActionMask = 2147483647;
			files = (
				D246A2B02A73EAF00021367E /* Preview Assets.xcassets in Resources */,
				D246A2AD2A73EAF00021367E /* Assets.xcassets in Resources */,
			);
			runOnlyForDeploymentPostprocessing = 0;
		};
/* End PBXResourcesBuildPhase section */

/* Begin PBXSourcesBuildPhase section */
		D246A2A12A73EAEF0021367E /* Sources */ = {
			isa = PBXSourcesBuildPhase;
			buildActionMask = 2147483647;
			files = (
				D246A2BD2A73F0C80021367E /* MainNewsView.swift in Sources */,
				D2D27A702A76B84F00EBD016 /* Extensions.swift in Sources */,
				D246A2B92A73ED700021367E /* SerachBarView.swift in Sources */,
				D20A73772A74175F002D83B7 /* SearchPanelView.swift in Sources */,
				D246A2C72A73F3670021367E /* NewsArticle.swift in Sources */,
				D246A2C92A73F5120021367E /* NewsAPIService.swift in Sources */,
				D2F0FE472A768C2400442D11 /* SpinningCircle.swift in Sources */,
				D246A2C52A73F3460021367E /* News.swift in Sources */,
				D246A2D32A73FFCA0021367E /* SearchInOption.swift in Sources */,
				D2F0FE412A767B5A00442D11 /* SearchDatePicker.swift in Sources */,
				D2F0FE3B2A75A55A00442D11 /* MultipleDropdownListView.swift in Sources */,
				D2F0FE352A750F7700442D11 /* ForEachSearchingOptionView.swift in Sources */,
				D2F0FE3D2A75AAED00442D11 /* SingleDropdownListView.swift in Sources */,
				D246A2CF2A73FCDF0021367E /* SortingOption.swift in Sources */,
				D2F0FE322A75061E00442D11 /* LanguageOption.swift in Sources */,
				D246A2AB2A73EAEF0021367E /* ContentView.swift in Sources */,
				D246A2CD2A73F5F00021367E /* NewsViewModel.swift in Sources */,
				D246A2BF2A73F1310021367E /* DetailedNewsView.swift in Sources */,
				D2F0FE292A74340600442D11 /* WebView.swift in Sources */,
				D246A2A92A73EAEF0021367E /* NewsExplorerTeamvoyApp.swift in Sources */,
				D20A73752A740EB2002D83B7 /* MultipleDropdownListRow.swift in Sources */,
				D2F0FE452A7683C100442D11 /* SearchBarButtonView.swift in Sources */,
				D246A2D12A73FCFE0021367E /* SearchParameters.swift in Sources */,
				D246A2B72A73ED1C0021367E /* NewsRowView.swift in Sources */,
				D2F0FE2D2A7437D500442D11 /* DetailedTextInfoView.swift in Sources */,
				D246A2BB2A73ED8B0021367E /* ImageTextFieldView.swift in Sources */,
				D2F0FE432A767BD600442D11 /* Constants.swift in Sources */,
			);
			runOnlyForDeploymentPostprocessing = 0;
		};
/* End PBXSourcesBuildPhase section */

/* Begin XCBuildConfiguration section */
		D246A2B12A73EAF00021367E /* Debug */ = {
			isa = XCBuildConfiguration;
			buildSettings = {
				ALWAYS_SEARCH_USER_PATHS = NO;
				CLANG_ANALYZER_NONNULL = YES;
				CLANG_ANALYZER_NUMBER_OBJECT_CONVERSION = YES_AGGRESSIVE;
				CLANG_CXX_LANGUAGE_STANDARD = "gnu++20";
				CLANG_ENABLE_MODULES = YES;
				CLANG_ENABLE_OBJC_ARC = YES;
				CLANG_ENABLE_OBJC_WEAK = YES;
				CLANG_WARN_BLOCK_CAPTURE_AUTORELEASING = YES;
				CLANG_WARN_BOOL_CONVERSION = YES;
				CLANG_WARN_COMMA = YES;
				CLANG_WARN_CONSTANT_CONVERSION = YES;
				CLANG_WARN_DEPRECATED_OBJC_IMPLEMENTATIONS = YES;
				CLANG_WARN_DIRECT_OBJC_ISA_USAGE = YES_ERROR;
				CLANG_WARN_DOCUMENTATION_COMMENTS = YES;
				CLANG_WARN_EMPTY_BODY = YES;
				CLANG_WARN_ENUM_CONVERSION = YES;
				CLANG_WARN_INFINITE_RECURSION = YES;
				CLANG_WARN_INT_CONVERSION = YES;
				CLANG_WARN_NON_LITERAL_NULL_CONVERSION = YES;
				CLANG_WARN_OBJC_IMPLICIT_RETAIN_SELF = YES;
				CLANG_WARN_OBJC_LITERAL_CONVERSION = YES;
				CLANG_WARN_OBJC_ROOT_CLASS = YES_ERROR;
				CLANG_WARN_QUOTED_INCLUDE_IN_FRAMEWORK_HEADER = YES;
				CLANG_WARN_RANGE_LOOP_ANALYSIS = YES;
				CLANG_WARN_STRICT_PROTOTYPES = YES;
				CLANG_WARN_SUSPICIOUS_MOVE = YES;
				CLANG_WARN_UNGUARDED_AVAILABILITY = YES_AGGRESSIVE;
				CLANG_WARN_UNREACHABLE_CODE = YES;
				CLANG_WARN__DUPLICATE_METHOD_MATCH = YES;
				COPY_PHASE_STRIP = NO;
				DEBUG_INFORMATION_FORMAT = dwarf;
				ENABLE_STRICT_OBJC_MSGSEND = YES;
				ENABLE_TESTABILITY = YES;
				GCC_C_LANGUAGE_STANDARD = gnu11;
				GCC_DYNAMIC_NO_PIC = NO;
				GCC_NO_COMMON_BLOCKS = YES;
				GCC_OPTIMIZATION_LEVEL = 0;
				GCC_PREPROCESSOR_DEFINITIONS = (
					"DEBUG=1",
					"$(inherited)",
				);
				GCC_WARN_64_TO_32_BIT_CONVERSION = YES;
				GCC_WARN_ABOUT_RETURN_TYPE = YES_ERROR;
				GCC_WARN_UNDECLARED_SELECTOR = YES;
				GCC_WARN_UNINITIALIZED_AUTOS = YES_AGGRESSIVE;
				GCC_WARN_UNUSED_FUNCTION = YES;
				GCC_WARN_UNUSED_VARIABLE = YES;
				IPHONEOS_DEPLOYMENT_TARGET = 16.4;
				MTL_ENABLE_DEBUG_INFO = INCLUDE_SOURCE;
				MTL_FAST_MATH = YES;
				ONLY_ACTIVE_ARCH = YES;
				SDKROOT = iphoneos;
				SWIFT_ACTIVE_COMPILATION_CONDITIONS = DEBUG;
				SWIFT_OPTIMIZATION_LEVEL = "-Onone";
			};
			name = Debug;
		};
		D246A2B22A73EAF00021367E /* Release */ = {
			isa = XCBuildConfiguration;
			buildSettings = {
				ALWAYS_SEARCH_USER_PATHS = NO;
				CLANG_ANALYZER_NONNULL = YES;
				CLANG_ANALYZER_NUMBER_OBJECT_CONVERSION = YES_AGGRESSIVE;
				CLANG_CXX_LANGUAGE_STANDARD = "gnu++20";
				CLANG_ENABLE_MODULES = YES;
				CLANG_ENABLE_OBJC_ARC = YES;
				CLANG_ENABLE_OBJC_WEAK = YES;
				CLANG_WARN_BLOCK_CAPTURE_AUTORELEASING = YES;
				CLANG_WARN_BOOL_CONVERSION = YES;
				CLANG_WARN_COMMA = YES;
				CLANG_WARN_CONSTANT_CONVERSION = YES;
				CLANG_WARN_DEPRECATED_OBJC_IMPLEMENTATIONS = YES;
				CLANG_WARN_DIRECT_OBJC_ISA_USAGE = YES_ERROR;
				CLANG_WARN_DOCUMENTATION_COMMENTS = YES;
				CLANG_WARN_EMPTY_BODY = YES;
				CLANG_WARN_ENUM_CONVERSION = YES;
				CLANG_WARN_INFINITE_RECURSION = YES;
				CLANG_WARN_INT_CONVERSION = YES;
				CLANG_WARN_NON_LITERAL_NULL_CONVERSION = YES;
				CLANG_WARN_OBJC_IMPLICIT_RETAIN_SELF = YES;
				CLANG_WARN_OBJC_LITERAL_CONVERSION = YES;
				CLANG_WARN_OBJC_ROOT_CLASS = YES_ERROR;
				CLANG_WARN_QUOTED_INCLUDE_IN_FRAMEWORK_HEADER = YES;
				CLANG_WARN_RANGE_LOOP_ANALYSIS = YES;
				CLANG_WARN_STRICT_PROTOTYPES = YES;
				CLANG_WARN_SUSPICIOUS_MOVE = YES;
				CLANG_WARN_UNGUARDED_AVAILABILITY = YES_AGGRESSIVE;
				CLANG_WARN_UNREACHABLE_CODE = YES;
				CLANG_WARN__DUPLICATE_METHOD_MATCH = YES;
				COPY_PHASE_STRIP = NO;
				DEBUG_INFORMATION_FORMAT = "dwarf-with-dsym";
				ENABLE_NS_ASSERTIONS = NO;
				ENABLE_STRICT_OBJC_MSGSEND = YES;
				GCC_C_LANGUAGE_STANDARD = gnu11;
				GCC_NO_COMMON_BLOCKS = YES;
				GCC_WARN_64_TO_32_BIT_CONVERSION = YES;
				GCC_WARN_ABOUT_RETURN_TYPE = YES_ERROR;
				GCC_WARN_UNDECLARED_SELECTOR = YES;
				GCC_WARN_UNINITIALIZED_AUTOS = YES_AGGRESSIVE;
				GCC_WARN_UNUSED_FUNCTION = YES;
				GCC_WARN_UNUSED_VARIABLE = YES;
				IPHONEOS_DEPLOYMENT_TARGET = 16.4;
				MTL_ENABLE_DEBUG_INFO = NO;
				MTL_FAST_MATH = YES;
				SDKROOT = iphoneos;
				SWIFT_COMPILATION_MODE = wholemodule;
				SWIFT_OPTIMIZATION_LEVEL = "-O";
				VALIDATE_PRODUCT = YES;
			};
			name = Release;
		};
		D246A2B42A73EAF00021367E /* Debug */ = {
			isa = XCBuildConfiguration;
			buildSettings = {
				ASSETCATALOG_COMPILER_APPICON_NAME = AppIcon;
				ASSETCATALOG_COMPILER_GLOBAL_ACCENT_COLOR_NAME = AccentColor;
				CODE_SIGN_STYLE = Automatic;
				CURRENT_PROJECT_VERSION = 1;
				DEVELOPMENT_ASSET_PATHS = "\"NewsExplorerTeamvoy/Preview Content\"";
				DEVELOPMENT_TEAM = WWVXY36FK8;
				ENABLE_PREVIEWS = YES;
				GENERATE_INFOPLIST_FILE = YES;
				INFOPLIST_KEY_UIApplicationSceneManifest_Generation = YES;
				INFOPLIST_KEY_UIApplicationSupportsIndirectInputEvents = YES;
				INFOPLIST_KEY_UILaunchScreen_Generation = YES;
				INFOPLIST_KEY_UISupportedInterfaceOrientations = UIInterfaceOrientationPortrait;
				IPHONEOS_DEPLOYMENT_TARGET = 15.5;
				LD_RUNPATH_SEARCH_PATHS = (
					"$(inherited)",
					"@executable_path/Frameworks",
				);
				MARKETING_VERSION = 1.0;
				PRODUCT_BUNDLE_IDENTIFIER = TobiasFate.NewsExplorerTeamvoy;
				PRODUCT_NAME = "$(TARGET_NAME)";
				SWIFT_EMIT_LOC_STRINGS = YES;
				SWIFT_VERSION = 5.0;
				TARGETED_DEVICE_FAMILY = "1,2";
			};
			name = Debug;
		};
		D246A2B52A73EAF00021367E /* Release */ = {
			isa = XCBuildConfiguration;
			buildSettings = {
				ASSETCATALOG_COMPILER_APPICON_NAME = AppIcon;
				ASSETCATALOG_COMPILER_GLOBAL_ACCENT_COLOR_NAME = AccentColor;
				CODE_SIGN_STYLE = Automatic;
				CURRENT_PROJECT_VERSION = 1;
				DEVELOPMENT_ASSET_PATHS = "\"NewsExplorerTeamvoy/Preview Content\"";
				DEVELOPMENT_TEAM = WWVXY36FK8;
				ENABLE_PREVIEWS = YES;
				GENERATE_INFOPLIST_FILE = YES;
				INFOPLIST_KEY_UIApplicationSceneManifest_Generation = YES;
				INFOPLIST_KEY_UIApplicationSupportsIndirectInputEvents = YES;
				INFOPLIST_KEY_UILaunchScreen_Generation = YES;
				INFOPLIST_KEY_UISupportedInterfaceOrientations = UIInterfaceOrientationPortrait;
				IPHONEOS_DEPLOYMENT_TARGET = 15.5;
				LD_RUNPATH_SEARCH_PATHS = (
					"$(inherited)",
					"@executable_path/Frameworks",
				);
				MARKETING_VERSION = 1.0;
				PRODUCT_BUNDLE_IDENTIFIER = TobiasFate.NewsExplorerTeamvoy;
				PRODUCT_NAME = "$(TARGET_NAME)";
				SWIFT_EMIT_LOC_STRINGS = YES;
				SWIFT_VERSION = 5.0;
				TARGETED_DEVICE_FAMILY = "1,2";
			};
			name = Release;
		};
/* End XCBuildConfiguration section */

/* Begin XCConfigurationList section */
		D246A2A02A73EAEF0021367E /* Build configuration list for PBXProject "NewsExplorerTeamvoy" */ = {
			isa = XCConfigurationList;
			buildConfigurations = (
				D246A2B12A73EAF00021367E /* Debug */,
				D246A2B22A73EAF00021367E /* Release */,
			);
			defaultConfigurationIsVisible = 0;
			defaultConfigurationName = Release;
		};
		D246A2B32A73EAF00021367E /* Build configuration list for PBXNativeTarget "NewsExplorerTeamvoy" */ = {
			isa = XCConfigurationList;
			buildConfigurations = (
				D246A2B42A73EAF00021367E /* Debug */,
				D246A2B52A73EAF00021367E /* Release */,
			);
			defaultConfigurationIsVisible = 0;
			defaultConfigurationName = Release;
		};
/* End XCConfigurationList section */
	};
	rootObject = D246A29D2A73EAEF0021367E /* Project object */;
}
